
Microsoft Visual Studio Solution File, Format Version 12.00
# Visual Studio 14
VisualStudioVersion = 14.0.25420.1
MinimumVisualStudioVersion = 10.0.40219.1
Project("{FAE04EC0-301F-11D3-BF4B-00C04F79EFBC}") = "Tumbler.Addin.Core", "Tumbler.Addin.Core\Tumbler.Addin.Core.csproj", "{B6667621-2A7C-40D4-99A9-54E37BCAB2FD}"
EndProject
Project("{FAE04EC0-301F-11D3-BF4B-00C04F79EFBC}") = "Tumbler.Addin.Common", "Tumbler.Addin.Common\Tumbler.Addin.Common.csproj", "{97CFD8EA-0225-4C74-A94A-DCCD8E8F37C6}"
EndProject
Global
	GlobalSection(SolutionConfigurationPlatforms) = preSolution
		Debug|Any CPU = Debug|Any CPU
		Release|Any CPU = Release|Any CPU
	EndGlobalSection
	GlobalSection(ProjectConfigurationPlatforms) = postSolution
		{B6667621-2A7C-40D4-99A9-54E37BCAB2FD}.Debug|Any CPU.ActiveCfg = Debug|Any CPU
		{B6667621-2A7C-40D4-99A9-54E37BCAB2FD}.Debug|Any CPU.Build.0 = Debug|Any CPU
		{B6667621-2A7C-40D4-99A9-54E37BCAB2FD}.Release|Any CPU.ActiveCfg = Release|Any CPU
		{B6667621-2A7C-40D4-99A9-54E37BCAB2FD}.Release|Any CPU.Build.0 = Release|Any CPU
		{97CFD8EA-0225-4C74-A94A-DCCD8E8F37C6}.Debug|Any CPU.ActiveCfg = Debug|Any CPU
		{97CFD8EA-0225-4C74-A94A-DCCD8E8F37C6}.Debug|Any CPU.Build.0 = Debug|Any CPU
		{97CFD8EA-0225-4C74-A94A-DCCD8E8F37C6}.Release|Any CPU.ActiveCfg = Release|Any CPU
		{97CFD8EA-0225-4C74-A94A-DCCD8E8F37C6}.Release|Any CPU.Build.0 = Release|Any CPU
	EndGlobalSection
	GlobalSection(SolutionProperties) = preSolution
		HideSolutionNode = FALSE
	EndGlobalSection
EndGlobal
